
Microsoft Visual Studio Solution File, Format Version 12.00
# Visual Studio Version 17
VisualStudioVersion = 17.4.33122.133
MinimumVisualStudioVersion = 10.0.40219.1
Project("{FAE04EC0-301F-11D3-BF4B-00C04F79EFBC}") = "SagaLearning", "SagaLearning\SagaLearning.csproj", "{E8875CAE-DAE5-4882-8DEB-C14356EB8468}"
EndProject
Global
	GlobalSection(SolutionConfigurationPlatforms) = preSolution
		Debug|Any CPU = Debug|Any CPU
		Release|Any CPU = Release|Any CPU
	EndGlobalSection
	GlobalSection(ProjectConfigurationPlatforms) = postSolution
		{E8875CAE-DAE5-4882-8DEB-C14356EB8468}.Debug|Any CPU.ActiveCfg = Debug|Any CPU
		{E8875CAE-DAE5-4882-8DEB-C14356EB8468}.Debug|Any CPU.Build.0 = Debug|Any CPU
		{E8875CAE-DAE5-4882-8DEB-C14356EB8468}.Release|Any CPU.ActiveCfg = Release|Any CPU
		{E8875CAE-DAE5-4882-8DEB-C14356EB8468}.Release|Any CPU.Build.0 = Release|Any CPU
	EndGlobalSection
	GlobalSection(SolutionProperties) = preSolution
		HideSolutionNode = FALSE
	EndGlobalSection
	GlobalSection(ExtensibilityGlobals) = postSolution
		SolutionGuid = {6E86AD0A-1433-48F6-8A7D-78B010C3A1AF}
	EndGlobalSection
EndGlobal
